
Microsoft Visual Studio Solution File, Format Version 12.00
# Visual Studio Version 17
VisualStudioVersion = 17.5.33424.131
MinimumVisualStudioVersion = 10.0.40219.1
Project("{9A19103F-16F7-4668-BE54-9A1E7A4F7556}") = "LabDay1", "LabDay1\LabDay1.csproj", "{010D91E0-BE56-45B3-9525-459E929D15F3}"
EndProject
Project("{FAE04EC0-301F-11D3-BF4B-00C04F79EFBC}") = "LabDay2", "LabDay2\LabDay2.csproj", "{59423C93-C3F5-45C8-B9AC-31DC3238A835}"
EndProject
Global
	GlobalSection(SolutionConfigurationPlatforms) = preSolution
		Debug|Any CPU = Debug|Any CPU
		Release|Any CPU = Release|Any CPU
	EndGlobalSection
	GlobalSection(ProjectConfigurationPlatforms) = postSolution
		{010D91E0-BE56-45B3-9525-459E929D15F3}.Debug|Any CPU.ActiveCfg = Debug|Any CPU
		{010D91E0-BE56-45B3-9525-459E929D15F3}.Debug|Any CPU.Build.0 = Debug|Any CPU
		{010D91E0-BE56-45B3-9525-459E929D15F3}.Release|Any CPU.ActiveCfg = Release|Any CPU
		{010D91E0-BE56-45B3-9525-459E929D15F3}.Release|Any CPU.Build.0 = Release|Any CPU
		{59423C93-C3F5-45C8-B9AC-31DC3238A835}.Debug|Any CPU.ActiveCfg = Debug|Any CPU
		{59423C93-C3F5-45C8-B9AC-31DC3238A835}.Debug|Any CPU.Build.0 = Debug|Any CPU
		{59423C93-C3F5-45C8-B9AC-31DC3238A835}.Release|Any CPU.ActiveCfg = Release|Any CPU
		{59423C93-C3F5-45C8-B9AC-31DC3238A835}.Release|Any CPU.Build.0 = Release|Any CPU
	EndGlobalSection
	GlobalSection(SolutionProperties) = preSolution
		HideSolutionNode = FALSE
	EndGlobalSection
	GlobalSection(ExtensibilityGlobals) = postSolution
		SolutionGuid = {D0F5B952-A540-4282-90BD-3F0F9B417E6C}
	EndGlobalSection
EndGlobal
